schema: de4sdv.aebs-executable-bench.runtime-lock.v1
increment: INC-AEBS-009A
status: runtime_verified_009a_readiness_only
container:
  repository: ghcr.io/autowarefoundation/autoware
  tag: universe-devel-humble-20260722
  index_digest: sha256:03f6e177d507504a26710041674a1386b1a63fe964870cb5ff48b5e59c635c17
  platform: linux/arm64
  platform_digest: sha256:0bcf71e1c7b45da5787f10def7cfcb2e26d5a25906d2af538ae7db167766136f
  platform_digest_disposition: acquired_and_verified_on_target_host
sources:
  - name: autoware_universe
    repository: https://github.com/autowarefoundation/autoware_universe.git
    commit: f603d8759c92fb2f423f1544844e13086d79ad09
    tree: 021a78ba31a6c2a43a7af06c4c201e0f50c2f48e
  - name: autoware_launch
    repository: https://github.com/autowarefoundation/autoware_launch.git
    commit: f05c4b1f83e0b0e4a01ade34d5199bd5571873f1
    tree: 1456364b31390921f8d2e6ac7f2878c902972ede
  - name: autoware_simple_planning_simulator
    repository: https://github.com/autowarefoundation/autoware_simple_planning_simulator.git
    commit: 82d2c93a28a25f8802e8f5a21b4ec850beea9080
    tree: d0985e96562c71a38ca40697013e0922e42e5aa6
map:
  url: https://autoware-files.s3.us-west-2.amazonaws.com/maps/demos/sample-map-planning.zip
  sha256: 5536fce7bb8db7688fdf94ec004118b898637ad0d5b6175108b10989dd6e93b9
  extracted_directory: sample-map-planning
  extracted_files:
    - lanelet2_map.osm
    - map_config.yaml
    - map_projector_info.yaml
    - pointcloud_map.pcd
  extracted_sha256:
    lanelet2_map.osm: 4fe358f2d1e182dc76de296e5619086f8d8ad2fcab3e6d8f99f6e3d724a84e6d
    map_config.yaml: c7f8caeaad3559d2bc924a0683f36673f72c9e15f315c2e95f371c9ccceb7e39
    map_projector_info.yaml: 9753eba4724aa6d41ffa2cc03e8da2d82e9f317dd14da837b0e96a7705e72bfa
    pointcloud_map.pcd: 2da791365627241513c56a88a78baaf17d86b5e90febcb8987ec92c9e99ad2c6
authoritative_controls:
  aeb_parameters: methodologies/sysmod-sysmlv2/pilots/aebs-simulation-deployment/aebs.param.yaml
  diagnostic_graph: methodologies/sysmod-sysmlv2/pilots/aebs-simulation-deployment/diagnostic-graph.yaml
map_parameter_controls:
  pointcloud_map_loader.param.yaml:
    source_path: autoware_launch/config/map/pointcloud_map_loader.param.yaml
    source_sha256: 58fbd93c299c9b8f441a4f9ec2fc25934a6655b235f497fe2780f0107073c2e3
    packaged_sha256: 6f41628b60765a821c6b28e22b46b660bcca16175bcb3b62f0842cfe600d6f3b
    disposition: pinned_copy_with_partial_loading_disabled_for_metadata_free_sample_map
  lanelet2_map_loader.param.yaml:
    source_path: autoware_launch/config/map/lanelet2_map_loader.param.yaml
    source_sha256: 98fcd23a48705e3abd277907b97511df8b46ffeb8f7b92e80e359df6d3013da8
    packaged_sha256: 98fcd23a48705e3abd277907b97511df8b46ffeb8f7b92e80e359df6d3013da8
    disposition: exact_pinned_copy
  map_tf_generator.param.yaml:
    source_path: autoware_launch/config/map/map_tf_generator.param.yaml
    source_sha256: f8c830e95d47021a1925877446c281ab9e43b9ca785ddf2a1a6b13a80213e3d5
    packaged_sha256: f8c830e95d47021a1925877446c281ab9e43b9ca785ddf2a1a6b13a80213e3d5
    disposition: exact_pinned_copy
  map_projection_loader.param.yaml:
    source_path: autoware_launch/config/map/map_projection_loader.param.yaml
    source_sha256: 22ad9208f7e02c72e7a8d9116ab0f4e8bb7e8dc2f48896a2c038a725b75e508d
    packaged_sha256: 22ad9208f7e02c72e7a8d9116ab0f4e8bb7e8dc2f48896a2c038a725b75e508d
    disposition: exact_pinned_copy
selected_ros_packages:
  - de4sdv_aebs_bench
  - autoware_autonomous_emergency_braking
  - autoware_diagnostic_graph_aggregator
  - autoware_mrm_emergency_stop_operator
  - autoware_mrm_handler
  - autoware_simple_planning_simulator
  - autoware_vehicle_cmd_gate
  - tier4_map_launch
known_upstream_launch_defect:
  identity: undeclared_input_odometry_remap
  upstream_file: control/autoware_autonomous_emergency_braking/launch/autoware_autonomous_emergency_braking.launch.xml
  disposition: bypass_upstream_wrapper_and_directly_instantiate_aeb_without_that_remap
host_support:
  tested_target: Ubuntu 22.04 arm64 Jetson 8GiB Docker no host ROS
  classification: runtime_verified_009a_readiness_only
  build_parallelism: 1
readiness:
  collection_timeout_seconds: 30
  diagnostic_identity:
    node: autonomous_emergency_braking
    task: aeb_emergency_stop
    joined_key: "autonomous_emergency_braking: aeb_emergency_stop"
  endpoints:
    - {kind: topic, name: /map/vector_map, type: autoware_map_msgs/msg/LaneletMapBin}
    - {kind: topic, name: /diagnostics, type: diagnostic_msgs/msg/DiagnosticArray}
    - {kind: topic, name: /system/operation_mode/availability, type: tier4_system_msgs/msg/OperationModeAvailability}
    - {kind: topic, name: /system/fail_safe/mrm_state, type: autoware_adapi_v1_msgs/msg/MrmState}
    - {kind: topic, name: /system/emergency/control_cmd, type: autoware_control_msgs/msg/Control}
    - {kind: topic, name: /control/command/control_cmd, type: autoware_control_msgs/msg/Control}
    - {kind: topic, name: /localization/kinematic_state, type: nav_msgs/msg/Odometry}
    - {kind: topic, name: /localization/acceleration, type: geometry_msgs/msg/AccelWithCovarianceStamped}
    - {kind: topic, name: /vehicle/status/steering_status, type: autoware_vehicle_msgs/msg/SteeringReport}
    - {kind: topic, name: /control/command/gear_cmd, type: autoware_vehicle_msgs/msg/GearCommand}
    - {kind: topic, name: /system/mrm/emergency_stop/status, type: tier4_system_msgs/msg/MrmBehaviorStatus}
evidence:
  directory: implementation/aebs-autoware-executable-bench/evidence
  files:
    container: container-identity.json
    map: map-acquisition.json
    runtime_map: map-runtime.json
    source: source-import.json
    build: build-status.json
    launch: launch-status.json
    readiness: readiness.json
  required_metadata:
    - utc_time
    - host_architecture
    - repository_head
    - execution_manifest_sha256
    - lock_sha256
    - map_sha256
    - image_id
    - image_digest
    - command_exit_status
  status_fields: [built, launched, ready, scenario_executed]
  009a_required_values:
    scenario_executed: false
runtime_blockers:
  - id: BLK-AEBS-009A-001
    status: closed_runtime_verified
    blocks: none
    reason: selected pinned overlays built successfully on the ARM64 target; see build-status.json
  - id: BLK-AEBS-009A-002
    status: closed_runtime_verified
    blocks: none
    reason: map-enabled full-chain launch and typed endpoint readiness passed; see readiness.json
claim_boundaries:
  - No scenario execution or braking behavior is claimed by 009A.
  - No safety acceptance is claimed.
  - No compliance, certification, or homologation is claimed.
  - No production readiness is claimed.
